
Microsoft Visual Studio Solution File, Format Version 12.00
# Visual Studio 15
VisualStudioVersion = 15.0.27004.2006
MinimumVisualStudioVersion = 10.0.40219.1
Project("{FAE04EC0-301F-11D3-BF4B-00C04F79EFBC}") = "DataStorages", "DataStorages\DataStorages.csproj", "{EC9E73CC-82E7-4ACE-AE79-D8E70E87AB28}"
EndProject
Global
	GlobalSection(SolutionConfigurationPlatforms) = preSolution
		Debug|Any CPU = Debug|Any CPU
		Release|Any CPU = Release|Any CPU
	EndGlobalSection
	GlobalSection(ProjectConfigurationPlatforms) = postSolution
		{EC9E73CC-82E7-4ACE-AE79-D8E70E87AB28}.Debug|Any CPU.ActiveCfg = Debug|Any CPU
		{EC9E73CC-82E7-4ACE-AE79-D8E70E87AB28}.Debug|Any CPU.Build.0 = Debug|Any CPU
		{EC9E73CC-82E7-4ACE-AE79-D8E70E87AB28}.Release|Any CPU.ActiveCfg = Release|Any CPU
		{EC9E73CC-82E7-4ACE-AE79-D8E70E87AB28}.Release|Any CPU.Build.0 = Release|Any CPU
	EndGlobalSection
	GlobalSection(SolutionProperties) = preSolution
		HideSolutionNode = FALSE
	EndGlobalSection
	GlobalSection(ExtensibilityGlobals) = postSolution
		SolutionGuid = {149B24C0-4FC4-4EC9-BF33-6633B87952CA}
	EndGlobalSection
EndGlobal
